
Microsoft Visual Studio Solution File, Format Version 12.00
# Visual Studio Version 16
VisualStudioVersion = 16.0.28803.202
MinimumVisualStudioVersion = 10.0.40219.1
Project("{9A19103F-16F7-4668-BE54-9A1E7A4F7556}") = "ConsoleSample", "ConsoleSample\ConsoleSample.csproj", "{88A51835-F543-40A8-A1DF-8B487F105843}"
EndProject
Project("{9A19103F-16F7-4668-BE54-9A1E7A4F7556}") = "WebSample", "WebSample\WebSample.csproj", "{68E7F873-C855-4B17-B783-A6C030ADCFD7}"
EndProject
Project("{FAE04EC0-301F-11D3-BF4B-00C04F79EFBC}") = "NetFrameworkSample", "NetFrameworkSample\NetFrameworkSample.csproj", "{96E48374-26B9-47BC-A161-B2C6F4BED75C}"
EndProject
Global
	GlobalSection(SolutionConfigurationPlatforms) = preSolution
		Debug|Any CPU = Debug|Any CPU
		Release|Any CPU = Release|Any CPU
	EndGlobalSection
	GlobalSection(ProjectConfigurationPlatforms) = postSolution
		{88A51835-F543-40A8-A1DF-8B487F105843}.Debug|Any CPU.ActiveCfg = Debug|Any CPU
		{88A51835-F543-40A8-A1DF-8B487F105843}.Debug|Any CPU.Build.0 = Debug|Any CPU
		{88A51835-F543-40A8-A1DF-8B487F105843}.Release|Any CPU.ActiveCfg = Release|Any CPU
		{88A51835-F543-40A8-A1DF-8B487F105843}.Release|Any CPU.Build.0 = Release|Any CPU
		{68E7F873-C855-4B17-B783-A6C030ADCFD7}.Debug|Any CPU.ActiveCfg = Debug|Any CPU
		{68E7F873-C855-4B17-B783-A6C030ADCFD7}.Debug|Any CPU.Build.0 = Debug|Any CPU
		{68E7F873-C855-4B17-B783-A6C030ADCFD7}.Release|Any CPU.ActiveCfg = Release|Any CPU
		{68E7F873-C855-4B17-B783-A6C030ADCFD7}.Release|Any CPU.Build.0 = Release|Any CPU
		{96E48374-26B9-47BC-A161-B2C6F4BED75C}.Debug|Any CPU.ActiveCfg = Debug|Any CPU
		{96E48374-26B9-47BC-A161-B2C6F4BED75C}.Debug|Any CPU.Build.0 = Debug|Any CPU
		{96E48374-26B9-47BC-A161-B2C6F4BED75C}.Release|Any CPU.ActiveCfg = Release|Any CPU
		{96E48374-26B9-47BC-A161-B2C6F4BED75C}.Release|Any CPU.Build.0 = Release|Any CPU
	EndGlobalSection
	GlobalSection(SolutionProperties) = preSolution
		HideSolutionNode = FALSE
	EndGlobalSection
	GlobalSection(ExtensibilityGlobals) = postSolution
		SolutionGuid = {BC833966-377B-4675-BF92-26228281C30A}
	EndGlobalSection
EndGlobal
